<?xml version="1.0" encoding="utf-8"?>
<Project ToolsVersion="4.0" xmlns="http://schemas.microsoft.com/developer/msbuild/2003">
  <ItemGroup>
    <Filter Include="Source files">
      <UniqueIdentifier>{22d958ec-141e-46cd-8913-5c3db5f0bbed}</UniqueIdentifier>
      <Extensions>cpp;c;cc;cxx;def;odl;idl;hpj;bat;asm;asmx</Extensions>
    </Filter>
    <Filter Include="Header files">
      <UniqueIdentifier>{7240dd51-32dc-4bc2-8bfd-2d6be5c0a0b0}</UniqueIdentifier>
      <Extensions>h;hpp;hxx;hm;inl;inc;xsd</Extensions>
    </Filter>
    <Filter Include="Resource files">
      <UniqueIdentifier>{40a28bad-91a9-4118-bcd8-9e424a548006}</UniqueIdentifier>
      <Extensions>rc;ico;cur;bmp;dlg;rc2;rct;bin;rgs;gif;jpg;jpeg;jpe;resx;tiff;tif;png;wav</Extensions>
    </Filter>
    <Filter Include="Source files\Device-specific files">
      <UniqueIdentifier>{bc71b4cd-cbc8-4716-adb3-85df0edab844}</UniqueIdentifier>
    </Filter>
    <Filter Include="Source files\Device-specific files\Semihosting/Profiler">
      <UniqueIdentifier>{09b708f7-03fe-4a9f-95cf-b3f04edc5182}</UniqueIdentifier>
    </Filter>
    <Filter Include="Header files\Device-specific files">
      <UniqueIdentifier>{37239a1c-6e3c-410a-a75c-5ca24c210cb4}</UniqueIdentifier>
    </Filter>
    <Filter Include="Header files\Device-specific files\Semihosting/Profiler">
      <UniqueIdentifier>{97d78d73-f928-48e4-ba7b-088af6a4c6c0}</UniqueIdentifier>
    </Filter>
    <Filter Include="nRF24L01">
      <UniqueIdentifier>{6901ab18-7b8e-4513-b9e6-1379fbc145f0}</UniqueIdentifier>
    </Filter>
    <Filter Include="Thor">
      <UniqueIdentifier>{05f8af6c-cd9e-4054-a884-5e946765450d}</UniqueIdentifier>
    </Filter>
    <Filter Include="Thor\HAL">
      <UniqueIdentifier>{5f1d3b7c-789b-4c5d-9c8c-f08bd769bb1a}</UniqueIdentifier>
    </Filter>
    <Filter Include="Thor\Include">
      <UniqueIdentifier>{85923c2e-fc93-4d83-b549-80a0d60ebc84}</UniqueIdentifier>
    </Filter>
    <Filter Include="Thor\Source">
      <UniqueIdentifier>{daaa6e1c-0076-4391-ae03-4c55286fa25e}</UniqueIdentifier>
    </Filter>
    <Filter Include="Chimera">
      <UniqueIdentifier>{63300e05-d35c-414f-9311-0b7085206774}</UniqueIdentifier>
    </Filter>
    <Filter Include="FreeRTOS">
      <UniqueIdentifier>{9616efe5-7d66-4fdf-a92c-f576fade69e2}</UniqueIdentifier>
    </Filter>
    <Filter Include="FreeRTOS\config">
      <UniqueIdentifier>{11a8d5f7-359f-4b35-85c1-822d01fea493}</UniqueIdentifier>
    </Filter>
    <Filter Include="FreeRTOS\config\stm32">
      <UniqueIdentifier>{7e117f86-1324-4e98-8ec9-7ecf416c658a}</UniqueIdentifier>
    </Filter>
    <Filter Include="FreeRTOS\include">
      <UniqueIdentifier>{b23f9420-5b1a-4ac5-917d-954f37cc7f6f}</UniqueIdentifier>
    </Filter>
    <Filter Include="FreeRTOS\portable">
      <UniqueIdentifier>{99f75786-4387-471f-895c-ac4651c2c580}</UniqueIdentifier>
    </Filter>
    <Filter Include="FreeRTOS\portable\Common">
      <UniqueIdentifier>{93a1f035-04cb-4eef-ad15-b30530a756ae}</UniqueIdentifier>
    </Filter>
    <Filter Include="FreeRTOS\portable\GCC">
      <UniqueIdentifier>{281b8ac0-661d-48a9-ad81-37864a7f99ff}</UniqueIdentifier>
    </Filter>
    <Filter Include="FreeRTOS\portable\GCC\ARM_CM4F">
      <UniqueIdentifier>{21dd314d-5dec-4427-92a4-f72e9eb4ed39}</UniqueIdentifier>
    </Filter>
    <Filter Include="FreeRTOS\portable\MemMang">
      <UniqueIdentifier>{1031e48f-a641-499b-b4d1-e44feeed9b85}</UniqueIdentifier>
    </Filter>
    <Filter Include="RF24Mesh">
      <UniqueIdentifier>{e08d5fdd-321b-425b-b47e-142f44bd56e8}</UniqueIdentifier>
    </Filter>
    <Filter Include="RF24Network">
      <UniqueIdentifier>{334a7225-4ff7-4248-8dc9-9c38c7e806c5}</UniqueIdentifier>
    </Filter>
    <Filter Include="VisualGDB settings">
      <UniqueIdentifier>{ce6e777b-7bb4-4d83-969d-b3b94cd76dcf}</UniqueIdentifier>
    </Filter>
    <Filter Include="Chimera\utilities">
      <UniqueIdentifier>{692ca669-ffc2-4096-930d-8d1d7f7d877f}</UniqueIdentifier>
    </Filter>
  </ItemGroup>
  <ItemGroup>
    <None Include="stm32.props">
      <Filter>Source files\Device-specific files</Filter>
    </None>
    <ClCompile Include="$(EFP_BASE)\Profiler\FastSemihosting.cpp">
      <Filter>Source files\Device-specific files\Semihosting/Profiler</Filter>
    </ClCompile>
    <ClCompile Include="$(EFP_BASE)\Profiler\SamplingProfiler.cpp">
      <Filter>Source files\Device-specific files\Semihosting/Profiler</Filter>
    </ClCompile>
    <ClCompile Include="$(EFP_BASE)\Profiler\InstrumentingProfiler.cpp">
      <Filter>Source files\Device-specific files\Semihosting/Profiler</Filter>
    </ClCompile>
    <ClCompile Include="$(EFP_BASE)\Profiler\ProfilerRTOS_FreeRTOS.c">
      <Filter>Source files\Device-specific files\Semihosting/Profiler</Filter>
    </ClCompile>
    <ClInclude Include="$(EFP_BASE)\Profiler\SysprogsProfiler.h">
      <Filter>Header files\Device-specific files\Semihosting/Profiler</Filter>
    </ClInclude>
    <ClInclude Include="$(EFP_BASE)\Profiler\SmallNumberCoder.h">
      <Filter>Header files\Device-specific files\Semihosting/Profiler</Filter>
    </ClInclude>
    <ClInclude Include="$(EFP_BASE)\Profiler\SysprogsProfilerInterface.h">
      <Filter>Header files\Device-specific files\Semihosting/Profiler</Filter>
    </ClInclude>
    <ClInclude Include="$(EFP_BASE)\Profiler\ProfilerFreeRTOSHooks.h">
      <Filter>Header files\Device-specific files\Semihosting/Profiler</Filter>
    </ClInclude>
    <ClInclude Include="$(EFP_BASE)\Profiler\CustomRealTimeWatches.h">
      <Filter>Header files\Device-specific files\Semihosting/Profiler</Filter>
    </ClInclude>
    <ClInclude Include="$(EFP_BASE)\Profiler\DebuggerChecker.h">
      <Filter>Header files\Device-specific files\Semihosting/Profiler</Filter>
    </ClInclude>
    <ClCompile Include="main.cpp">
      <Filter>Source files</Filter>
    </ClCompile>
    <ClCompile Include="$(GIT_PROJECTS_ROOT)\DeviceDrivers\nRF24L01\nrf24l01Definitions.cpp">
      <Filter>nRF24L01</Filter>
    </ClCompile>
    <ClCompile Include="$(GIT_PROJECTS_ROOT)\DeviceDrivers\nRF24L01\nrf24l01.cpp">
      <Filter>nRF24L01</Filter>
    </ClCompile>
    <ClInclude Include="$(GIT_PROJECTS_ROOT)\DeviceDrivers\nRF24L01\nrf24l01.hpp">
      <Filter>nRF24L01</Filter>
    </ClInclude>
    <ClInclude Include="$(GIT_PROJECTS_ROOT)\DeviceDrivers\nRF24L01\nrf24l01Definitions.hpp">
      <Filter>nRF24L01</Filter>
    </ClInclude>
    <ClCompile Include="$(THOR_ROOT)\Thor\lib\stm32hal_f4\Device\startup\startup_stm32f446xx.c">
      <Filter>Thor\HAL</Filter>
    </ClCompile>
    <ClCompile Include="$(THOR_ROOT)\Thor\lib\stm32hal_f4\Device\sys\system_stm32f4xx.c">
      <Filter>Thor\HAL</Filter>
    </ClCompile>
    <ClCompile Include="$(THOR_ROOT)\Thor\lib\stm32hal_f4\stm32f4xx_HAL_Driver\Src\stm32f4xx_hal.c">
      <Filter>Thor\HAL</Filter>
    </ClCompile>
    <ClCompile Include="$(THOR_ROOT)\Thor\lib\stm32hal_f4\stm32f4xx_HAL_Driver\Src\stm32f4xx_hal_adc.c">
      <Filter>Thor\HAL</Filter>
    </ClCompile>
    <ClCompile Include="$(THOR_ROOT)\Thor\lib\stm32hal_f4\stm32f4xx_HAL_Driver\Src\stm32f4xx_hal_adc_ex.c">
      <Filter>Thor\HAL</Filter>
    </ClCompile>
    <ClCompile Include="$(THOR_ROOT)\Thor\lib\stm32hal_f4\stm32f4xx_HAL_Driver\Src\stm32f4xx_hal_can.c">
      <Filter>Thor\HAL</Filter>
    </ClCompile>
    <ClCompile Include="$(THOR_ROOT)\Thor\lib\stm32hal_f4\stm32f4xx_HAL_Driver\Src\stm32f4xx_hal_cec.c">
      <Filter>Thor\HAL</Filter>
    </ClCompile>
    <ClCompile Include="$(THOR_ROOT)\Thor\lib\stm32hal_f4\stm32f4xx_HAL_Driver\Src\stm32f4xx_hal_cortex.c">
      <Filter>Thor\HAL</Filter>
    </ClCompile>
    <ClCompile Include="$(THOR_ROOT)\Thor\lib\stm32hal_f4\stm32f4xx_HAL_Driver\Src\stm32f4xx_hal_crc.c">
      <Filter>Thor\HAL</Filter>
    </ClCompile>
    <ClCompile Include="$(THOR_ROOT)\Thor\lib\stm32hal_f4\stm32f4xx_HAL_Driver\Src\stm32f4xx_hal_cryp_ex.c">
      <Filter>Thor\HAL</Filter>
    </ClCompile>
    <ClCompile Include="$(THOR_ROOT)\Thor\lib\stm32hal_f4\stm32f4xx_HAL_Driver\Src\stm32f4xx_hal_dac.c">
      <Filter>Thor\HAL</Filter>
    </ClCompile>
    <ClCompile Include="$(THOR_ROOT)\Thor\lib\stm32hal_f4\stm32f4xx_HAL_Driver\Src\stm32f4xx_hal_dac_ex.c">
      <Filter>Thor\HAL</Filter>
    </ClCompile>
    <ClCompile Include="$(THOR_ROOT)\Thor\lib\stm32hal_f4\stm32f4xx_HAL_Driver\Src\stm32f4xx_hal_dcmi.c">
      <Filter>Thor\HAL</Filter>
    </ClCompile>
    <ClCompile Include="$(THOR_ROOT)\Thor\lib\stm32hal_f4\stm32f4xx_HAL_Driver\Src\stm32f4xx_hal_dcmi_ex.c">
      <Filter>Thor\HAL</Filter>
    </ClCompile>
    <ClCompile Include="$(THOR_ROOT)\Thor\lib\stm32hal_f4\stm32f4xx_HAL_Driver\Src\stm32f4xx_hal_dfsdm.c">
      <Filter>Thor\HAL</Filter>
    </ClCompile>
    <ClCompile Include="$(THOR_ROOT)\Thor\lib\stm32hal_f4\stm32f4xx_HAL_Driver\Src\stm32f4xx_hal_dma.c">
      <Filter>Thor\HAL</Filter>
    </ClCompile>
    <ClCompile Include="$(THOR_ROOT)\Thor\lib\stm32hal_f4\stm32f4xx_HAL_Driver\Src\stm32f4xx_hal_dma2d.c">
      <Filter>Thor\HAL</Filter>
    </ClCompile>
    <ClCompile Include="$(THOR_ROOT)\Thor\lib\stm32hal_f4\stm32f4xx_HAL_Driver\Src\stm32f4xx_hal_dma_ex.c">
      <Filter>Thor\HAL</Filter>
    </ClCompile>
    <ClCompile Include="$(THOR_ROOT)\Thor\lib\stm32hal_f4\stm32f4xx_HAL_Driver\Src\stm32f4xx_hal_dsi.c">
      <Filter>Thor\HAL</Filter>
    </ClCompile>
    <ClCompile Include="$(THOR_ROOT)\Thor\lib\stm32hal_f4\stm32f4xx_HAL_Driver\Src\stm32f4xx_hal_eth.c">
      <Filter>Thor\HAL</Filter>
    </ClCompile>
    <ClCompile Include="$(THOR_ROOT)\Thor\lib\stm32hal_f4\stm32f4xx_HAL_Driver\Src\stm32f4xx_hal_flash.c">
      <Filter>Thor\HAL</Filter>
    </ClCompile>
    <ClCompile Include="$(THOR_ROOT)\Thor\lib\stm32hal_f4\stm32f4xx_HAL_Driver\Src\stm32f4xx_hal_flash_ex.c">
      <Filter>Thor\HAL</Filter>
    </ClCompile>
    <ClCompile Include="$(THOR_ROOT)\Thor\lib\stm32hal_f4\stm32f4xx_HAL_Driver\Src\stm32f4xx_hal_gpio.c">
      <Filter>Thor\HAL</Filter>
    </ClCompile>
    <ClCompile Include="$(THOR_ROOT)\Thor\lib\stm32hal_f4\stm32f4xx_HAL_Driver\Src\stm32f4xx_hal_hash.c">
      <Filter>Thor\HAL</Filter>
    </ClCompile>
    <ClCompile Include="$(THOR_ROOT)\Thor\lib\stm32hal_f4\stm32f4xx_HAL_Driver\Src\stm32f4xx_hal_hash_ex.c">
      <Filter>Thor\HAL</Filter>
    </ClCompile>
    <ClCompile Include="$(THOR_ROOT)\Thor\lib\stm32hal_f4\stm32f4xx_HAL_Driver\Src\stm32f4xx_hal_hcd.c">
      <Filter>Thor\HAL</Filter>
    </ClCompile>
    <ClCompile Include="$(THOR_ROOT)\Thor\lib\stm32hal_f4\stm32f4xx_HAL_Driver\Src\stm32f4xx_hal_i2c.c">
      <Filter>Thor\HAL</Filter>
    </ClCompile>
    <ClCompile Include="$(THOR_ROOT)\Thor\lib\stm32hal_f4\stm32f4xx_HAL_Driver\Src\stm32f4xx_hal_i2c_ex.c">
      <Filter>Thor\HAL</Filter>
    </ClCompile>
    <ClCompile Include="$(THOR_ROOT)\Thor\lib\stm32hal_f4\stm32f4xx_HAL_Driver\Src\stm32f4xx_hal_i2s.c">
      <Filter>Thor\HAL</Filter>
    </ClCompile>
    <ClCompile Include="$(THOR_ROOT)\Thor\lib\stm32hal_f4\stm32f4xx_HAL_Driver\Src\stm32f4xx_hal_irda.c">
      <Filter>Thor\HAL</Filter>
    </ClCompile>
    <ClCompile Include="$(THOR_ROOT)\Thor\lib\stm32hal_f4\stm32f4xx_HAL_Driver\Src\stm32f4xx_hal_iwdg.c">
      <Filter>Thor\HAL</Filter>
    </ClCompile>
    <ClCompile Include="$(THOR_ROOT)\Thor\lib\stm32hal_f4\stm32f4xx_HAL_Driver\Src\stm32f4xx_hal_lptim.c">
      <Filter>Thor\HAL</Filter>
    </ClCompile>
    <ClCompile Include="$(THOR_ROOT)\Thor\lib\stm32hal_f4\stm32f4xx_HAL_Driver\Src\stm32f4xx_hal_ltdc.c">
      <Filter>Thor\HAL</Filter>
    </ClCompile>
    <ClCompile Include="$(THOR_ROOT)\Thor\lib\stm32hal_f4\stm32f4xx_HAL_Driver\Src\stm32f4xx_hal_ltdc_ex.c">
      <Filter>Thor\HAL</Filter>
    </ClCompile>
    <ClCompile Include="$(THOR_ROOT)\Thor\lib\stm32hal_f4\stm32f4xx_HAL_Driver\Src\stm32f4xx_hal_mmc.c">
      <Filter>Thor\HAL</Filter>
    </ClCompile>
    <ClCompile Include="$(THOR_ROOT)\Thor\lib\stm32hal_f4\stm32f4xx_HAL_Driver\Src\stm32f4xx_hal_nand.c">
      <Filter>Thor\HAL</Filter>
    </ClCompile>
    <ClCompile Include="$(THOR_ROOT)\Thor\lib\stm32hal_f4\stm32f4xx_HAL_Driver\Src\stm32f4xx_hal_nor.c">
      <Filter>Thor\HAL</Filter>
    </ClCompile>
    <ClCompile Include="$(THOR_ROOT)\Thor\lib\stm32hal_f4\stm32f4xx_HAL_Driver\Src\stm32f4xx_hal_pcd.c">
      <Filter>Thor\HAL</Filter>
    </ClCompile>
    <ClCompile Include="$(THOR_ROOT)\Thor\lib\stm32hal_f4\stm32f4xx_HAL_Driver\Src\stm32f4xx_hal_pcd_ex.c">
      <Filter>Thor\HAL</Filter>
    </ClCompile>
    <ClCompile Include="$(THOR_ROOT)\Thor\lib\stm32hal_f4\stm32f4xx_HAL_Driver\Src\stm32f4xx_hal_pwr.c">
      <Filter>Thor\HAL</Filter>
    </ClCompile>
    <ClCompile Include="$(THOR_ROOT)\Thor\lib\stm32hal_f4\stm32f4xx_HAL_Driver\Src\stm32f4xx_hal_pwr_ex.c">
      <Filter>Thor\HAL</Filter>
    </ClCompile>
    <ClCompile Include="$(THOR_ROOT)\Thor\lib\stm32hal_f4\stm32f4xx_HAL_Driver\Src\stm32f4xx_hal_qspi.c">
      <Filter>Thor\HAL</Filter>
    </ClCompile>
    <ClCompile Include="$(THOR_ROOT)\Thor\lib\stm32hal_f4\stm32f4xx_HAL_Driver\Src\stm32f4xx_hal_rcc.c">
      <Filter>Thor\HAL</Filter>
    </ClCompile>
    <ClCompile Include="$(THOR_ROOT)\Thor\lib\stm32hal_f4\stm32f4xx_HAL_Driver\Src\stm32f4xx_hal_rcc_ex.c">
      <Filter>Thor\HAL</Filter>
    </ClCompile>
    <ClCompile Include="$(THOR_ROOT)\Thor\lib\stm32hal_f4\stm32f4xx_HAL_Driver\Src\stm32f4xx_hal_rng.c">
      <Filter>Thor\HAL</Filter>
    </ClCompile>
    <ClCompile Include="$(THOR_ROOT)\Thor\lib\stm32hal_f4\stm32f4xx_HAL_Driver\Src\stm32f4xx_hal_rtc.c">
      <Filter>Thor\HAL</Filter>
    </ClCompile>
    <ClCompile Include="$(THOR_ROOT)\Thor\lib\stm32hal_f4\stm32f4xx_HAL_Driver\Src\stm32f4xx_hal_rtc_ex.c">
      <Filter>Thor\HAL</Filter>
    </ClCompile>
    <ClCompile Include="$(THOR_ROOT)\Thor\lib\stm32hal_f4\stm32f4xx_HAL_Driver\Src\stm32f4xx_hal_sai.c">
      <Filter>Thor\HAL</Filter>
    </ClCompile>
    <ClCompile Include="$(THOR_ROOT)\Thor\lib\stm32hal_f4\stm32f4xx_HAL_Driver\Src\stm32f4xx_hal_sai_ex.c">
      <Filter>Thor\HAL</Filter>
    </ClCompile>
    <ClCompile Include="$(THOR_ROOT)\Thor\lib\stm32hal_f4\stm32f4xx_HAL_Driver\Src\stm32f4xx_hal_sd.c">
      <Filter>Thor\HAL</Filter>
    </ClCompile>
    <ClCompile Include="$(THOR_ROOT)\Thor\lib\stm32hal_f4\stm32f4xx_HAL_Driver\Src\stm32f4xx_hal_sdram.c">
      <Filter>Thor\HAL</Filter>
    </ClCompile>
    <ClCompile Include="$(THOR_ROOT)\Thor\lib\stm32hal_f4\stm32f4xx_HAL_Driver\Src\stm32f4xx_hal_smartcard.c">
      <Filter>Thor\HAL</Filter>
    </ClCompile>
    <ClCompile Include="$(THOR_ROOT)\Thor\lib\stm32hal_f4\stm32f4xx_HAL_Driver\Src\stm32f4xx_hal_spdifrx.c">
      <Filter>Thor\HAL</Filter>
    </ClCompile>
    <ClCompile Include="$(THOR_ROOT)\Thor\lib\stm32hal_f4\stm32f4xx_HAL_Driver\Src\stm32f4xx_hal_spi.c">
      <Filter>Thor\HAL</Filter>
    </ClCompile>
    <ClCompile Include="$(THOR_ROOT)\Thor\lib\stm32hal_f4\stm32f4xx_HAL_Driver\Src\stm32f4xx_hal_sram.c">
      <Filter>Thor\HAL</Filter>
    </ClCompile>
    <ClCompile Include="$(THOR_ROOT)\Thor\lib\stm32hal_f4\stm32f4xx_HAL_Driver\Src\stm32f4xx_hal_tim.c">
      <Filter>Thor\HAL</Filter>
    </ClCompile>
    <ClCompile Include="$(THOR_ROOT)\Thor\lib\stm32hal_f4\stm32f4xx_HAL_Driver\Src\stm32f4xx_hal_tim_ex.c">
      <Filter>Thor\HAL</Filter>
    </ClCompile>
    <ClCompile Include="$(THOR_ROOT)\Thor\lib\stm32hal_f4\stm32f4xx_HAL_Driver\Src\stm32f4xx_hal_uart.c">
      <Filter>Thor\HAL</Filter>
    </ClCompile>
    <ClCompile Include="$(THOR_ROOT)\Thor\lib\stm32hal_f4\stm32f4xx_HAL_Driver\Src\stm32f4xx_hal_usart.c">
      <Filter>Thor\HAL</Filter>
    </ClCompile>
    <ClCompile Include="$(THOR_ROOT)\Thor\lib\stm32hal_f4\stm32f4xx_HAL_Driver\Src\stm32f4xx_hal_wwdg.c">
      <Filter>Thor\HAL</Filter>
    </ClCompile>
    <ClCompile Include="$(THOR_ROOT)\Thor\lib\stm32hal_f4\stm32f4xx_HAL_Driver\Src\stm32f4xx_ll_adc.c">
      <Filter>Thor\HAL</Filter>
    </ClCompile>
    <ClCompile Include="$(THOR_ROOT)\Thor\lib\stm32hal_f4\stm32f4xx_HAL_Driver\Src\stm32f4xx_ll_crc.c">
      <Filter>Thor\HAL</Filter>
    </ClCompile>
    <ClCompile Include="$(THOR_ROOT)\Thor\lib\stm32hal_f4\stm32f4xx_HAL_Driver\Src\stm32f4xx_ll_dac.c">
      <Filter>Thor\HAL</Filter>
    </ClCompile>
    <ClCompile Include="$(THOR_ROOT)\Thor\lib\stm32hal_f4\stm32f4xx_HAL_Driver\Src\stm32f4xx_ll_dma.c">
      <Filter>Thor\HAL</Filter>
    </ClCompile>
    <ClCompile Include="$(THOR_ROOT)\Thor\lib\stm32hal_f4\stm32f4xx_HAL_Driver\Src\stm32f4xx_ll_dma2d.c">
      <Filter>Thor\HAL</Filter>
    </ClCompile>
    <ClCompile Include="$(THOR_ROOT)\Thor\lib\stm32hal_f4\stm32f4xx_HAL_Driver\Src\stm32f4xx_ll_exti.c">
      <Filter>Thor\HAL</Filter>
    </ClCompile>
    <ClCompile Include="$(THOR_ROOT)\Thor\lib\stm32hal_f4\stm32f4xx_HAL_Driver\Src\stm32f4xx_ll_fmc.c">
      <Filter>Thor\HAL</Filter>
    </ClCompile>
    <ClCompile Include="$(THOR_ROOT)\Thor\lib\stm32hal_f4\stm32f4xx_HAL_Driver\Src\stm32f4xx_ll_gpio.c">
      <Filter>Thor\HAL</Filter>
    </ClCompile>
    <ClCompile Include="$(THOR_ROOT)\Thor\lib\stm32hal_f4\stm32f4xx_HAL_Driver\Src\stm32f4xx_ll_i2c.c">
      <Filter>Thor\HAL</Filter>
    </ClCompile>
    <ClCompile Include="$(THOR_ROOT)\Thor\lib\stm32hal_f4\stm32f4xx_HAL_Driver\Src\stm32f4xx_ll_lptim.c">
      <Filter>Thor\HAL</Filter>
    </ClCompile>
    <ClCompile Include="$(THOR_ROOT)\Thor\lib\stm32hal_f4\stm32f4xx_HAL_Driver\Src\stm32f4xx_ll_pwr.c">
      <Filter>Thor\HAL</Filter>
    </ClCompile>
    <ClCompile Include="$(THOR_ROOT)\Thor\lib\stm32hal_f4\stm32f4xx_HAL_Driver\Src\stm32f4xx_ll_rcc.c">
      <Filter>Thor\HAL</Filter>
    </ClCompile>
    <ClCompile Include="$(THOR_ROOT)\Thor\lib\stm32hal_f4\stm32f4xx_HAL_Driver\Src\stm32f4xx_ll_rng.c">
      <Filter>Thor\HAL</Filter>
    </ClCompile>
    <ClCompile Include="$(THOR_ROOT)\Thor\lib\stm32hal_f4\stm32f4xx_HAL_Driver\Src\stm32f4xx_ll_rtc.c">
      <Filter>Thor\HAL</Filter>
    </ClCompile>
    <ClCompile Include="$(THOR_ROOT)\Thor\lib\stm32hal_f4\stm32f4xx_HAL_Driver\Src\stm32f4xx_ll_sdmmc.c">
      <Filter>Thor\HAL</Filter>
    </ClCompile>
    <ClCompile Include="$(THOR_ROOT)\Thor\lib\stm32hal_f4\stm32f4xx_HAL_Driver\Src\stm32f4xx_ll_spi.c">
      <Filter>Thor\HAL</Filter>
    </ClCompile>
    <ClCompile Include="$(THOR_ROOT)\Thor\lib\stm32hal_f4\stm32f4xx_HAL_Driver\Src\stm32f4xx_ll_tim.c">
      <Filter>Thor\HAL</Filter>
    </ClCompile>
    <ClCompile Include="$(THOR_ROOT)\Thor\lib\stm32hal_f4\stm32f4xx_HAL_Driver\Src\stm32f4xx_ll_usart.c">
      <Filter>Thor\HAL</Filter>
    </ClCompile>
    <ClCompile Include="$(THOR_ROOT)\Thor\lib\stm32hal_f4\stm32f4xx_HAL_Driver\Src\stm32f4xx_ll_usb.c">
      <Filter>Thor\HAL</Filter>
    </ClCompile>
    <ClCompile Include="$(THOR_ROOT)\Thor\lib\stm32hal_f4\stm32f4xx_HAL_Driver\Src\stm32f4xx_ll_utils.c">
      <Filter>Thor\HAL</Filter>
    </ClCompile>
    <ClInclude Include="$(THOR_ROOT)\Thor\lib\stm32hal_f4\Device\conf\stm32f4xx_hal_conf.h">
      <Filter>Thor\HAL</Filter>
    </ClInclude>
    <ClInclude Include="$(THOR_ROOT)\Thor\lib\stm32hal_f4\Device\include\stm32f446xx.h">
      <Filter>Thor\HAL</Filter>
    </ClInclude>
    <ClInclude Include="$(THOR_ROOT)\Thor\lib\stm32hal_f4\Device\include\stm32f4xx.h">
      <Filter>Thor\HAL</Filter>
    </ClInclude>
    <ClInclude Include="$(THOR_ROOT)\Thor\lib\stm32hal_f4\Device\include\system_stm32f4xx.h">
      <Filter>Thor\HAL</Filter>
    </ClInclude>
    <ClInclude Include="$(THOR_ROOT)\Thor\lib\stm32hal_f4\stm32f4xx_HAL_Driver\Inc\stm32f4xx_hal.h">
      <Filter>Thor\HAL</Filter>
    </ClInclude>
    <ClInclude Include="$(THOR_ROOT)\Thor\lib\stm32hal_f4\stm32f4xx_HAL_Driver\Inc\stm32f4xx_hal_adc.h">
      <Filter>Thor\HAL</Filter>
    </ClInclude>
    <ClInclude Include="$(THOR_ROOT)\Thor\lib\stm32hal_f4\stm32f4xx_HAL_Driver\Inc\stm32f4xx_hal_adc_ex.h">
      <Filter>Thor\HAL</Filter>
    </ClInclude>
    <ClInclude Include="$(THOR_ROOT)\Thor\lib\stm32hal_f4\stm32f4xx_HAL_Driver\Inc\stm32f4xx_hal_can.h">
      <Filter>Thor\HAL</Filter>
    </ClInclude>
    <ClInclude Include="$(THOR_ROOT)\Thor\lib\stm32hal_f4\stm32f4xx_HAL_Driver\Inc\stm32f4xx_hal_cec.h">
      <Filter>Thor\HAL</Filter>
    </ClInclude>
    <ClInclude Include="$(THOR_ROOT)\Thor\lib\stm32hal_f4\stm32f4xx_HAL_Driver\Inc\stm32f4xx_hal_cortex.h">
      <Filter>Thor\HAL</Filter>
    </ClInclude>
    <ClInclude Include="$(THOR_ROOT)\Thor\lib\stm32hal_f4\stm32f4xx_HAL_Driver\Inc\stm32f4xx_hal_crc.h">
      <Filter>Thor\HAL</Filter>
    </ClInclude>
    <ClInclude Include="$(THOR_ROOT)\Thor\lib\stm32hal_f4\stm32f4xx_HAL_Driver\Inc\stm32f4xx_hal_cryp.h">
      <Filter>Thor\HAL</Filter>
    </ClInclude>
    <ClInclude Include="$(THOR_ROOT)\Thor\lib\stm32hal_f4\stm32f4xx_HAL_Driver\Inc\stm32f4xx_hal_cryp_ex.h">
      <Filter>Thor\HAL</Filter>
    </ClInclude>
    <ClInclude Include="$(THOR_ROOT)\Thor\lib\stm32hal_f4\stm32f4xx_HAL_Driver\Inc\stm32f4xx_hal_dac.h">
      <Filter>Thor\HAL</Filter>
    </ClInclude>
    <ClInclude Include="$(THOR_ROOT)\Thor\lib\stm32hal_f4\stm32f4xx_HAL_Driver\Inc\stm32f4xx_hal_dac_ex.h">
      <Filter>Thor\HAL</Filter>
    </ClInclude>
    <ClInclude Include="$(THOR_ROOT)\Thor\lib\stm32hal_f4\stm32f4xx_HAL_Driver\Inc\stm32f4xx_hal_dcmi.h">
      <Filter>Thor\HAL</Filter>
    </ClInclude>
    <ClInclude Include="$(THOR_ROOT)\Thor\lib\stm32hal_f4\stm32f4xx_HAL_Driver\Inc\stm32f4xx_hal_dcmi_ex.h">
      <Filter>Thor\HAL</Filter>
    </ClInclude>
    <ClInclude Include="$(THOR_ROOT)\Thor\lib\stm32hal_f4\stm32f4xx_HAL_Driver\Inc\stm32f4xx_hal_def.h">
      <Filter>Thor\HAL</Filter>
    </ClInclude>
    <ClInclude Include="$(THOR_ROOT)\Thor\lib\stm32hal_f4\stm32f4xx_HAL_Driver\Inc\stm32f4xx_hal_dfsdm.h">
      <Filter>Thor\HAL</Filter>
    </ClInclude>
    <ClInclude Include="$(THOR_ROOT)\Thor\lib\stm32hal_f4\stm32f4xx_HAL_Driver\Inc\stm32f4xx_hal_dma.h">
      <Filter>Thor\HAL</Filter>
    </ClInclude>
    <ClInclude Include="$(THOR_ROOT)\Thor\lib\stm32hal_f4\stm32f4xx_HAL_Driver\Inc\stm32f4xx_hal_dma2d.h">
      <Filter>Thor\HAL</Filter>
    </ClInclude>
    <ClInclude Include="$(THOR_ROOT)\Thor\lib\stm32hal_f4\stm32f4xx_HAL_Driver\Inc\stm32f4xx_hal_dma_ex.h">
      <Filter>Thor\HAL</Filter>
    </ClInclude>
    <ClInclude Include="$(THOR_ROOT)\Thor\lib\stm32hal_f4\stm32f4xx_HAL_Driver\Inc\stm32f4xx_hal_dsi.h">
      <Filter>Thor\HAL</Filter>
    </ClInclude>
    <ClInclude Include="$(THOR_ROOT)\Thor\lib\stm32hal_f4\stm32f4xx_HAL_Driver\Inc\stm32f4xx_hal_eth.h">
      <Filter>Thor\HAL</Filter>
    </ClInclude>
    <ClInclude Include="$(THOR_ROOT)\Thor\lib\stm32hal_f4\stm32f4xx_HAL_Driver\Inc\stm32f4xx_hal_flash.h">
      <Filter>Thor\HAL</Filter>
    </ClInclude>
    <ClInclude Include="$(THOR_ROOT)\Thor\lib\stm32hal_f4\stm32f4xx_HAL_Driver\Inc\stm32f4xx_hal_flash_ex.h">
      <Filter>Thor\HAL</Filter>
    </ClInclude>
    <ClInclude Include="$(THOR_ROOT)\Thor\lib\stm32hal_f4\stm32f4xx_HAL_Driver\Inc\stm32f4xx_hal_gpio.h">
      <Filter>Thor\HAL</Filter>
    </ClInclude>
    <ClInclude Include="$(THOR_ROOT)\Thor\lib\stm32hal_f4\stm32f4xx_HAL_Driver\Inc\stm32f4xx_hal_gpio_ex.h">
      <Filter>Thor\HAL</Filter>
    </ClInclude>
    <ClInclude Include="$(THOR_ROOT)\Thor\lib\stm32hal_f4\stm32f4xx_HAL_Driver\Inc\stm32f4xx_hal_hash.h">
      <Filter>Thor\HAL</Filter>
    </ClInclude>
    <ClInclude Include="$(THOR_ROOT)\Thor\lib\stm32hal_f4\stm32f4xx_HAL_Driver\Inc\stm32f4xx_hal_hash_ex.h">
      <Filter>Thor\HAL</Filter>
    </ClInclude>
    <ClInclude Include="$(THOR_ROOT)\Thor\lib\stm32hal_f4\stm32f4xx_HAL_Driver\Inc\stm32f4xx_hal_hcd.h">
      <Filter>Thor\HAL</Filter>
    </ClInclude>
    <ClInclude Include="$(THOR_ROOT)\Thor\lib\stm32hal_f4\stm32f4xx_HAL_Driver\Inc\stm32f4xx_hal_i2c.h">
      <Filter>Thor\HAL</Filter>
    </ClInclude>
    <ClInclude Include="$(THOR_ROOT)\Thor\lib\stm32hal_f4\stm32f4xx_HAL_Driver\Inc\stm32f4xx_hal_i2c_ex.h">
      <Filter>Thor\HAL</Filter>
    </ClInclude>
    <ClInclude Include="$(THOR_ROOT)\Thor\lib\stm32hal_f4\stm32f4xx_HAL_Driver\Inc\stm32f4xx_hal_i2s.h">
      <Filter>Thor\HAL</Filter>
    </ClInclude>
    <ClInclude Include="$(THOR_ROOT)\Thor\lib\stm32hal_f4\stm32f4xx_HAL_Driver\Inc\stm32f4xx_hal_irda.h">
      <Filter>Thor\HAL</Filter>
    </ClInclude>
    <ClInclude Include="$(THOR_ROOT)\Thor\lib\stm32hal_f4\stm32f4xx_HAL_Driver\Inc\stm32f4xx_hal_iwdg.h">
      <Filter>Thor\HAL</Filter>
    </ClInclude>
    <ClInclude Include="$(THOR_ROOT)\Thor\lib\stm32hal_f4\stm32f4xx_HAL_Driver\Inc\stm32f4xx_hal_lptim.h">
      <Filter>Thor\HAL</Filter>
    </ClInclude>
    <ClInclude Include="$(THOR_ROOT)\Thor\lib\stm32hal_f4\stm32f4xx_HAL_Driver\Inc\stm32f4xx_hal_ltdc.h">
      <Filter>Thor\HAL</Filter>
    </ClInclude>
    <ClInclude Include="$(THOR_ROOT)\Thor\lib\stm32hal_f4\stm32f4xx_HAL_Driver\Inc\stm32f4xx_hal_ltdc_ex.h">
      <Filter>Thor\HAL</Filter>
    </ClInclude>
    <ClInclude Include="$(THOR_ROOT)\Thor\lib\stm32hal_f4\stm32f4xx_HAL_Driver\Inc\stm32f4xx_hal_mmc.h">
      <Filter>Thor\HAL</Filter>
    </ClInclude>
    <ClInclude Include="$(THOR_ROOT)\Thor\lib\stm32hal_f4\stm32f4xx_HAL_Driver\Inc\stm32f4xx_hal_nand.h">
      <Filter>Thor\HAL</Filter>
    </ClInclude>
    <ClInclude Include="$(THOR_ROOT)\Thor\lib\stm32hal_f4\stm32f4xx_HAL_Driver\Inc\stm32f4xx_hal_nor.h">
      <Filter>Thor\HAL</Filter>
    </ClInclude>
    <ClInclude Include="$(THOR_ROOT)\Thor\lib\stm32hal_f4\stm32f4xx_HAL_Driver\Inc\stm32f4xx_hal_pcd.h">
      <Filter>Thor\HAL</Filter>
    </ClInclude>
    <ClInclude Include="$(THOR_ROOT)\Thor\lib\stm32hal_f4\stm32f4xx_HAL_Driver\Inc\stm32f4xx_hal_pcd_ex.h">
      <Filter>Thor\HAL</Filter>
    </ClInclude>
    <ClInclude Include="$(THOR_ROOT)\Thor\lib\stm32hal_f4\stm32f4xx_HAL_Driver\Inc\stm32f4xx_hal_pwr.h">
      <Filter>Thor\HAL</Filter>
    </ClInclude>
    <ClInclude Include="$(THOR_ROOT)\Thor\lib\stm32hal_f4\stm32f4xx_HAL_Driver\Inc\stm32f4xx_hal_pwr_ex.h">
      <Filter>Thor\HAL</Filter>
    </ClInclude>
    <ClInclude Include="$(THOR_ROOT)\Thor\lib\stm32hal_f4\stm32f4xx_HAL_Driver\Inc\stm32f4xx_hal_qspi.h">
      <Filter>Thor\HAL</Filter>
    </ClInclude>
    <ClInclude Include="$(THOR_ROOT)\Thor\lib\stm32hal_f4\stm32f4xx_HAL_Driver\Inc\stm32f4xx_hal_rcc.h">
      <Filter>Thor\HAL</Filter>
    </ClInclude>
    <ClInclude Include="$(THOR_ROOT)\Thor\lib\stm32hal_f4\stm32f4xx_HAL_Driver\Inc\stm32f4xx_hal_rcc_ex.h">
      <Filter>Thor\HAL</Filter>
    </ClInclude>
    <ClInclude Include="$(THOR_ROOT)\Thor\lib\stm32hal_f4\stm32f4xx_HAL_Driver\Inc\stm32f4xx_hal_rng.h">
      <Filter>Thor\HAL</Filter>
    </ClInclude>
    <ClInclude Include="$(THOR_ROOT)\Thor\lib\stm32hal_f4\stm32f4xx_HAL_Driver\Inc\stm32f4xx_hal_rtc.h">
      <Filter>Thor\HAL</Filter>
    </ClInclude>
    <ClInclude Include="$(THOR_ROOT)\Thor\lib\stm32hal_f4\stm32f4xx_HAL_Driver\Inc\stm32f4xx_hal_rtc_ex.h">
      <Filter>Thor\HAL</Filter>
    </ClInclude>
    <ClInclude Include="$(THOR_ROOT)\Thor\lib\stm32hal_f4\stm32f4xx_HAL_Driver\Inc\stm32f4xx_hal_sai.h">
      <Filter>Thor\HAL</Filter>
    </ClInclude>
    <ClInclude Include="$(THOR_ROOT)\Thor\lib\stm32hal_f4\stm32f4xx_HAL_Driver\Inc\stm32f4xx_hal_sai_ex.h">
      <Filter>Thor\HAL</Filter>
    </ClInclude>
    <ClInclude Include="$(THOR_ROOT)\Thor\lib\stm32hal_f4\stm32f4xx_HAL_Driver\Inc\stm32f4xx_hal_sd.h">
      <Filter>Thor\HAL</Filter>
    </ClInclude>
    <ClInclude Include="$(THOR_ROOT)\Thor\lib\stm32hal_f4\stm32f4xx_HAL_Driver\Inc\stm32f4xx_hal_sdram.h">
      <Filter>Thor\HAL</Filter>
    </ClInclude>
    <ClInclude Include="$(THOR_ROOT)\Thor\lib\stm32hal_f4\stm32f4xx_HAL_Driver\Inc\stm32f4xx_hal_smartcard.h">
      <Filter>Thor\HAL</Filter>
    </ClInclude>
    <ClInclude Include="$(THOR_ROOT)\Thor\lib\stm32hal_f4\stm32f4xx_HAL_Driver\Inc\stm32f4xx_hal_spdifrx.h">
      <Filter>Thor\HAL</Filter>
    </ClInclude>
    <ClInclude Include="$(THOR_ROOT)\Thor\lib\stm32hal_f4\stm32f4xx_HAL_Driver\Inc\stm32f4xx_hal_spi.h">
      <Filter>Thor\HAL</Filter>
    </ClInclude>
    <ClInclude Include="$(THOR_ROOT)\Thor\lib\stm32hal_f4\stm32f4xx_HAL_Driver\Inc\stm32f4xx_hal_sram.h">
      <Filter>Thor\HAL</Filter>
    </ClInclude>
    <ClInclude Include="$(THOR_ROOT)\Thor\lib\stm32hal_f4\stm32f4xx_HAL_Driver\Inc\stm32f4xx_hal_tim.h">
      <Filter>Thor\HAL</Filter>
    </ClInclude>
    <ClInclude Include="$(THOR_ROOT)\Thor\lib\stm32hal_f4\stm32f4xx_HAL_Driver\Inc\stm32f4xx_hal_tim_ex.h">
      <Filter>Thor\HAL</Filter>
    </ClInclude>
    <ClInclude Include="$(THOR_ROOT)\Thor\lib\stm32hal_f4\stm32f4xx_HAL_Driver\Inc\stm32f4xx_hal_uart.h">
      <Filter>Thor\HAL</Filter>
    </ClInclude>
    <ClInclude Include="$(THOR_ROOT)\Thor\lib\stm32hal_f4\stm32f4xx_HAL_Driver\Inc\stm32f4xx_hal_usart.h">
      <Filter>Thor\HAL</Filter>
    </ClInclude>
    <ClInclude Include="$(THOR_ROOT)\Thor\lib\stm32hal_f4\stm32f4xx_HAL_Driver\Inc\stm32f4xx_hal_wwdg.h">
      <Filter>Thor\HAL</Filter>
    </ClInclude>
    <ClInclude Include="$(THOR_ROOT)\Thor\lib\stm32hal_f4\stm32f4xx_HAL_Driver\Inc\stm32f4xx_ll_adc.h">
      <Filter>Thor\HAL</Filter>
    </ClInclude>
    <ClInclude Include="$(THOR_ROOT)\Thor\lib\stm32hal_f4\stm32f4xx_HAL_Driver\Inc\stm32f4xx_ll_bus.h">
      <Filter>Thor\HAL</Filter>
    </ClInclude>
    <ClInclude Include="$(THOR_ROOT)\Thor\lib\stm32hal_f4\stm32f4xx_HAL_Driver\Inc\stm32f4xx_ll_cortex.h">
      <Filter>Thor\HAL</Filter>
    </ClInclude>
    <ClInclude Include="$(THOR_ROOT)\Thor\lib\stm32hal_f4\stm32f4xx_HAL_Driver\Inc\stm32f4xx_ll_crc.h">
      <Filter>Thor\HAL</Filter>
    </ClInclude>
    <ClInclude Include="$(THOR_ROOT)\Thor\lib\stm32hal_f4\stm32f4xx_HAL_Driver\Inc\stm32f4xx_ll_dac.h">
      <Filter>Thor\HAL</Filter>
    </ClInclude>
    <ClInclude Include="$(THOR_ROOT)\Thor\lib\stm32hal_f4\stm32f4xx_HAL_Driver\Inc\stm32f4xx_ll_dma.h">
      <Filter>Thor\HAL</Filter>
    </ClInclude>
    <ClInclude Include="$(THOR_ROOT)\Thor\lib\stm32hal_f4\stm32f4xx_HAL_Driver\Inc\stm32f4xx_ll_dma2d.h">
      <Filter>Thor\HAL</Filter>
    </ClInclude>
    <ClInclude Include="$(THOR_ROOT)\Thor\lib\stm32hal_f4\stm32f4xx_HAL_Driver\Inc\stm32f4xx_ll_exti.h">
      <Filter>Thor\HAL</Filter>
    </ClInclude>
    <ClInclude Include="$(THOR_ROOT)\Thor\lib\stm32hal_f4\stm32f4xx_HAL_Driver\Inc\stm32f4xx_ll_fmc.h">
      <Filter>Thor\HAL</Filter>
    </ClInclude>
    <ClInclude Include="$(THOR_ROOT)\Thor\lib\stm32hal_f4\stm32f4xx_HAL_Driver\Inc\stm32f4xx_ll_gpio.h">
      <Filter>Thor\HAL</Filter>
    </ClInclude>
    <ClInclude Include="$(THOR_ROOT)\Thor\lib\stm32hal_f4\stm32f4xx_HAL_Driver\Inc\stm32f4xx_ll_i2c.h">
      <Filter>Thor\HAL</Filter>
    </ClInclude>
    <ClInclude Include="$(THOR_ROOT)\Thor\lib\stm32hal_f4\stm32f4xx_HAL_Driver\Inc\stm32f4xx_ll_iwdg.h">
      <Filter>Thor\HAL</Filter>
    </ClInclude>
    <ClInclude Include="$(THOR_ROOT)\Thor\lib\stm32hal_f4\stm32f4xx_HAL_Driver\Inc\stm32f4xx_ll_lptim.h">
      <Filter>Thor\HAL</Filter>
    </ClInclude>
    <ClInclude Include="$(THOR_ROOT)\Thor\lib\stm32hal_f4\stm32f4xx_HAL_Driver\Inc\stm32f4xx_ll_pwr.h">
      <Filter>Thor\HAL</Filter>
    </ClInclude>
    <ClInclude Include="$(THOR_ROOT)\Thor\lib\stm32hal_f4\stm32f4xx_HAL_Driver\Inc\stm32f4xx_ll_rcc.h">
      <Filter>Thor\HAL</Filter>
    </ClInclude>
    <ClInclude Include="$(THOR_ROOT)\Thor\lib\stm32hal_f4\stm32f4xx_HAL_Driver\Inc\stm32f4xx_ll_rng.h">
      <Filter>Thor\HAL</Filter>
    </ClInclude>
    <ClInclude Include="$(THOR_ROOT)\Thor\lib\stm32hal_f4\stm32f4xx_HAL_Driver\Inc\stm32f4xx_ll_rtc.h">
      <Filter>Thor\HAL</Filter>
    </ClInclude>
    <ClInclude Include="$(THOR_ROOT)\Thor\lib\stm32hal_f4\stm32f4xx_HAL_Driver\Inc\stm32f4xx_ll_sdmmc.h">
      <Filter>Thor\HAL</Filter>
    </ClInclude>
    <ClInclude Include="$(THOR_ROOT)\Thor\lib\stm32hal_f4\stm32f4xx_HAL_Driver\Inc\stm32f4xx_ll_spi.h">
      <Filter>Thor\HAL</Filter>
    </ClInclude>
    <ClInclude Include="$(THOR_ROOT)\Thor\lib\stm32hal_f4\stm32f4xx_HAL_Driver\Inc\stm32f4xx_ll_system.h">
      <Filter>Thor\HAL</Filter>
    </ClInclude>
    <ClInclude Include="$(THOR_ROOT)\Thor\lib\stm32hal_f4\stm32f4xx_HAL_Driver\Inc\stm32f4xx_ll_tim.h">
      <Filter>Thor\HAL</Filter>
    </ClInclude>
    <ClInclude Include="$(THOR_ROOT)\Thor\lib\stm32hal_f4\stm32f4xx_HAL_Driver\Inc\stm32f4xx_ll_usart.h">
      <Filter>Thor\HAL</Filter>
    </ClInclude>
    <ClInclude Include="$(THOR_ROOT)\Thor\lib\stm32hal_f4\stm32f4xx_HAL_Driver\Inc\stm32f4xx_ll_usb.h">
      <Filter>Thor\HAL</Filter>
    </ClInclude>
    <ClInclude Include="$(THOR_ROOT)\Thor\lib\stm32hal_f4\stm32f4xx_HAL_Driver\Inc\stm32f4xx_ll_utils.h">
      <Filter>Thor\HAL</Filter>
    </ClInclude>
    <ClInclude Include="$(THOR_ROOT)\Thor\lib\stm32hal_f4\stm32f4xx_HAL_Driver\Inc\stm32f4xx_ll_wwdg.h">
      <Filter>Thor\HAL</Filter>
    </ClInclude>
    <ClInclude Include="$(THOR_ROOT)\Thor\Thor\include\boostStub.hpp">
      <Filter>Thor\Include</Filter>
    </ClInclude>
    <ClInclude Include="$(THOR_ROOT)\Thor\Thor\include\clock.hpp">
      <Filter>Thor\Include</Filter>
    </ClInclude>
    <ClInclude Include="$(THOR_ROOT)\Thor\Thor\include\config.hpp">
      <Filter>Thor\Include</Filter>
    </ClInclude>
    <ClInclude Include="$(THOR_ROOT)\Thor\Thor\include\core.hpp">
      <Filter>Thor\Include</Filter>
    </ClInclude>
    <ClInclude Include="$(THOR_ROOT)\Thor\Thor\include\defaults.hpp">
      <Filter>Thor\Include</Filter>
    </ClInclude>
    <ClInclude Include="$(THOR_ROOT)\Thor\Thor\include\definitions.hpp">
      <Filter>Thor\Include</Filter>
    </ClInclude>
    <ClInclude Include="$(THOR_ROOT)\Thor\Thor\include\exceptions.hpp">
      <Filter>Thor\Include</Filter>
    </ClInclude>
    <ClInclude Include="$(THOR_ROOT)\Thor\Thor\include\exti.hpp">
      <Filter>Thor\Include</Filter>
    </ClInclude>
    <ClInclude Include="$(THOR_ROOT)\Thor\Thor\include\flags.hpp">
      <Filter>Thor\Include</Filter>
    </ClInclude>
    <ClInclude Include="$(THOR_ROOT)\Thor\Thor\include\FreeRTOSConfig.h">
      <Filter>Thor\Include</Filter>
    </ClInclude>
    <ClInclude Include="$(THOR_ROOT)\Thor\Thor\include\gdb.hpp">
      <Filter>Thor\Include</Filter>
    </ClInclude>
    <ClInclude Include="$(THOR_ROOT)\Thor\Thor\include\gpio.hpp">
      <Filter>Thor\Include</Filter>
    </ClInclude>
    <ClInclude Include="$(THOR_ROOT)\Thor\Thor\include\headers.hpp">
      <Filter>Thor\Include</Filter>
    </ClInclude>
    <ClInclude Include="$(THOR_ROOT)\Thor\Thor\include\i2c.hpp">
      <Filter>Thor\Include</Filter>
    </ClInclude>
    <ClInclude Include="$(THOR_ROOT)\Thor\Thor\include\interrupt.hpp">
      <Filter>Thor\Include</Filter>
    </ClInclude>
    <ClInclude Include="$(THOR_ROOT)\Thor\Thor\include\macro.hpp">
      <Filter>Thor\Include</Filter>
    </ClInclude>
    <ClInclude Include="$(THOR_ROOT)\Thor\Thor\include\mem.hpp">
      <Filter>Thor\Include</Filter>
    </ClInclude>
    <ClInclude Include="$(THOR_ROOT)\Thor\Thor\include\nucleo.hpp">
      <Filter>Thor\Include</Filter>
    </ClInclude>
    <ClInclude Include="$(THOR_ROOT)\Thor\Thor\include\preprocessor.hpp">
      <Filter>Thor\Include</Filter>
    </ClInclude>
    <ClInclude Include="$(THOR_ROOT)\Thor\Thor\include\print.hpp">
      <Filter>Thor\Include</Filter>
    </ClInclude>
    <ClInclude Include="$(THOR_ROOT)\Thor\Thor\include\pwm.hpp">
      <Filter>Thor\Include</Filter>
    </ClInclude>
    <ClInclude Include="$(THOR_ROOT)\Thor\Thor\include\ringbuffer.hpp">
      <Filter>Thor\Include</Filter>
    </ClInclude>
    <ClInclude Include="$(THOR_ROOT)\Thor\Thor\include\rpc.hpp">
      <Filter>Thor\Include</Filter>
    </ClInclude>
    <ClInclude Include="$(THOR_ROOT)\Thor\Thor\include\serial.hpp">
      <Filter>Thor\Include</Filter>
    </ClInclude>
    <ClInclude Include="$(THOR_ROOT)\Thor\Thor\include\spi.hpp">
      <Filter>Thor\Include</Filter>
    </ClInclude>
    <ClInclude Include="$(THOR_ROOT)\Thor\Thor\include\system.hpp">
      <Filter>Thor\Include</Filter>
    </ClInclude>
    <ClInclude Include="$(THOR_ROOT)\Thor\Thor\include\thor.hpp">
      <Filter>Thor\Include</Filter>
    </ClInclude>
    <ClInclude Include="$(THOR_ROOT)\Thor\Thor\include\threads.hpp">
      <Filter>Thor\Include</Filter>
    </ClInclude>
    <ClInclude Include="$(THOR_ROOT)\Thor\Thor\include\timer.hpp">
      <Filter>Thor\Include</Filter>
    </ClInclude>
    <ClInclude Include="$(THOR_ROOT)\Thor\Thor\include\types.hpp">
      <Filter>Thor\Include</Filter>
    </ClInclude>
    <ClInclude Include="$(THOR_ROOT)\Thor\Thor\include\uart.hpp">
      <Filter>Thor\Include</Filter>
    </ClInclude>
    <ClInclude Include="$(THOR_ROOT)\Thor\Thor\include\usart.hpp">
      <Filter>Thor\Include</Filter>
    </ClInclude>
    <ClInclude Include="$(THOR_ROOT)\Thor\Thor\include\utilities.hpp">
      <Filter>Thor\Include</Filter>
    </ClInclude>
    <ClCompile Include="$(THOR_ROOT)\Thor\Thor\source\boostStub.cpp">
      <Filter>Thor\Source</Filter>
    </ClCompile>
    <ClCompile Include="$(THOR_ROOT)\Thor\Thor\source\clock.cpp">
      <Filter>Thor\Source</Filter>
    </ClCompile>
    <ClCompile Include="$(THOR_ROOT)\Thor\Thor\source\core.cpp">
      <Filter>Thor\Source</Filter>
    </ClCompile>
    <ClCompile Include="$(THOR_ROOT)\Thor\Thor\source\defaults.cpp">
      <Filter>Thor\Source</Filter>
    </ClCompile>
    <ClCompile Include="$(THOR_ROOT)\Thor\Thor\source\definitions.cpp">
      <Filter>Thor\Source</Filter>
    </ClCompile>
    <ClCompile Include="$(THOR_ROOT)\Thor\Thor\source\exceptions.cpp">
      <Filter>Thor\Source</Filter>
    </ClCompile>
    <ClCompile Include="$(THOR_ROOT)\Thor\Thor\source\exti.cpp">
      <Filter>Thor\Source</Filter>
    </ClCompile>
    <ClCompile Include="$(THOR_ROOT)\Thor\Thor\source\flags.cpp">
      <Filter>Thor\Source</Filter>
    </ClCompile>
    <ClCompile Include="$(THOR_ROOT)\Thor\Thor\source\gdb.cpp">
      <Filter>Thor\Source</Filter>
    </ClCompile>
    <ClCompile Include="$(THOR_ROOT)\Thor\Thor\source\gpio.cpp">
      <Filter>Thor\Source</Filter>
    </ClCompile>
    <ClCompile Include="$(THOR_ROOT)\Thor\Thor\source\i2c.cpp">
      <Filter>Thor\Source</Filter>
    </ClCompile>
    <ClCompile Include="$(THOR_ROOT)\Thor\Thor\source\interrupt.cpp">
      <Filter>Thor\Source</Filter>
    </ClCompile>
    <ClCompile Include="$(THOR_ROOT)\Thor\Thor\source\mem.cpp">
      <Filter>Thor\Source</Filter>
    </ClCompile>
    <ClCompile Include="$(THOR_ROOT)\Thor\Thor\source\nucleo.cpp">
      <Filter>Thor\Source</Filter>
    </ClCompile>
    <ClCompile Include="$(THOR_ROOT)\Thor\Thor\source\print.cpp">
      <Filter>Thor\Source</Filter>
    </ClCompile>
    <ClCompile Include="$(THOR_ROOT)\Thor\Thor\source\pwm.cpp">
      <Filter>Thor\Source</Filter>
    </ClCompile>
    <ClCompile Include="$(THOR_ROOT)\Thor\Thor\source\ringbuffer.cpp">
      <Filter>Thor\Source</Filter>
    </ClCompile>
    <ClCompile Include="$(THOR_ROOT)\Thor\Thor\source\rpc.cpp">
      <Filter>Thor\Source</Filter>
    </ClCompile>
    <ClCompile Include="$(THOR_ROOT)\Thor\Thor\source\serial.cpp">
      <Filter>Thor\Source</Filter>
    </ClCompile>
    <ClCompile Include="$(THOR_ROOT)\Thor\Thor\source\spi.cpp">
      <Filter>Thor\Source</Filter>
    </ClCompile>
    <ClCompile Include="$(THOR_ROOT)\Thor\Thor\source\thor.cpp">
      <Filter>Thor\Source</Filter>
    </ClCompile>
    <ClCompile Include="$(THOR_ROOT)\Thor\Thor\source\thor_timer.cpp">
      <Filter>Thor\Source</Filter>
    </ClCompile>
    <ClCompile Include="$(THOR_ROOT)\Thor\Thor\source\threads.cpp">
      <Filter>Thor\Source</Filter>
    </ClCompile>
    <ClCompile Include="$(THOR_ROOT)\Thor\Thor\source\uart.cpp">
      <Filter>Thor\Source</Filter>
    </ClCompile>
    <ClCompile Include="$(THOR_ROOT)\Thor\Thor\source\usart.cpp">
      <Filter>Thor\Source</Filter>
    </ClCompile>
    <ClCompile Include="$(CHIMERA_ROOT)\Chimera\chimera.cpp">
      <Filter>Chimera</Filter>
    </ClCompile>
    <ClCompile Include="$(CHIMERA_ROOT)\Chimera\logging.cpp">
      <Filter>Chimera</Filter>
    </ClCompile>
    <ClCompile Include="$(CHIMERA_ROOT)\Chimera\threading.cpp">
      <Filter>Chimera</Filter>
    </ClCompile>
    <ClInclude Include="$(CHIMERA_ROOT)\Chimera\assertion.hpp">
      <Filter>Chimera</Filter>
    </ClInclude>
    <ClInclude Include="$(CHIMERA_ROOT)\Chimera\chimera.hpp">
      <Filter>Chimera</Filter>
    </ClInclude>
    <ClInclude Include="$(CHIMERA_ROOT)\Chimera\config.hpp">
      <Filter>Chimera</Filter>
    </ClInclude>
    <ClInclude Include="$(CHIMERA_ROOT)\Chimera\gpio.hpp">
      <Filter>Chimera</Filter>
    </ClInclude>
    <ClInclude Include="$(CHIMERA_ROOT)\Chimera\interface.hpp">
      <Filter>Chimera</Filter>
    </ClInclude>
    <ClInclude Include="$(CHIMERA_ROOT)\Chimera\logging.hpp">
      <Filter>Chimera</Filter>
    </ClInclude>
    <ClInclude Include="$(CHIMERA_ROOT)\Chimera\preprocessor.hpp">
      <Filter>Chimera</Filter>
    </ClInclude>
    <ClInclude Include="$(CHIMERA_ROOT)\Chimera\serial.hpp">
      <Filter>Chimera</Filter>
    </ClInclude>
    <ClInclude Include="$(CHIMERA_ROOT)\Chimera\spi.hpp">
      <Filter>Chimera</Filter>
    </ClInclude>
    <ClInclude Include="$(CHIMERA_ROOT)\Chimera\threading.hpp">
      <Filter>Chimera</Filter>
    </ClInclude>
    <ClInclude Include="$(CHIMERA_ROOT)\Chimera\types.hpp">
      <Filter>Chimera</Filter>
    </ClInclude>
    <ClInclude Include="$(CHIMERA_ROOT)\Chimera\utilities.hpp">
      <Filter>Chimera</Filter>
    </ClInclude>
    <ClCompile Include="$(THOR_ROOT)\Thor\lib\FreeRTOS\croutine.c">
      <Filter>FreeRTOS</Filter>
    </ClCompile>
    <ClCompile Include="$(THOR_ROOT)\Thor\lib\FreeRTOS\event_groups.c">
      <Filter>FreeRTOS</Filter>
    </ClCompile>
    <ClCompile Include="$(THOR_ROOT)\Thor\lib\FreeRTOS\list.c">
      <Filter>FreeRTOS</Filter>
    </ClCompile>
    <ClCompile Include="$(THOR_ROOT)\Thor\lib\FreeRTOS\queue.c">
      <Filter>FreeRTOS</Filter>
    </ClCompile>
    <ClCompile Include="$(THOR_ROOT)\Thor\lib\FreeRTOS\stream_buffer.c">
      <Filter>FreeRTOS</Filter>
    </ClCompile>
    <ClCompile Include="$(THOR_ROOT)\Thor\lib\FreeRTOS\tasks.c">
      <Filter>FreeRTOS</Filter>
    </ClCompile>
    <ClCompile Include="$(THOR_ROOT)\Thor\lib\FreeRTOS\timers.c">
      <Filter>FreeRTOS</Filter>
    </ClCompile>
    <ClInclude Include="$(THOR_ROOT)\Thor\lib\FreeRTOS\config\stm32\FreeRTOSConfig.h">
      <Filter>FreeRTOS\config\stm32</Filter>
    </ClInclude>
    <ClInclude Include="$(THOR_ROOT)\Thor\lib\FreeRTOS\include\croutine.h">
      <Filter>FreeRTOS\include</Filter>
    </ClInclude>
    <ClInclude Include="$(THOR_ROOT)\Thor\lib\FreeRTOS\include\deprecated_definitions.h">
      <Filter>FreeRTOS\include</Filter>
    </ClInclude>
    <ClInclude Include="$(THOR_ROOT)\Thor\lib\FreeRTOS\include\event_groups.h">
      <Filter>FreeRTOS\include</Filter>
    </ClInclude>
    <ClInclude Include="$(THOR_ROOT)\Thor\lib\FreeRTOS\include\FreeRTOS.h">
      <Filter>FreeRTOS\include</Filter>
    </ClInclude>
    <ClInclude Include="$(THOR_ROOT)\Thor\lib\FreeRTOS\include\list.h">
      <Filter>FreeRTOS\include</Filter>
    </ClInclude>
    <ClInclude Include="$(THOR_ROOT)\Thor\lib\FreeRTOS\include\message_buffer.h">
      <Filter>FreeRTOS\include</Filter>
    </ClInclude>
    <ClInclude Include="$(THOR_ROOT)\Thor\lib\FreeRTOS\include\mpu_prototypes.h">
      <Filter>FreeRTOS\include</Filter>
    </ClInclude>
    <ClInclude Include="$(THOR_ROOT)\Thor\lib\FreeRTOS\include\mpu_wrappers.h">
      <Filter>FreeRTOS\include</Filter>
    </ClInclude>
    <ClInclude Include="$(THOR_ROOT)\Thor\lib\FreeRTOS\include\portable.h">
      <Filter>FreeRTOS\include</Filter>
    </ClInclude>
    <ClInclude Include="$(THOR_ROOT)\Thor\lib\FreeRTOS\include\projdefs.h">
      <Filter>FreeRTOS\include</Filter>
    </ClInclude>
    <ClInclude Include="$(THOR_ROOT)\Thor\lib\FreeRTOS\include\queue.h">
      <Filter>FreeRTOS\include</Filter>
    </ClInclude>
    <ClInclude Include="$(THOR_ROOT)\Thor\lib\FreeRTOS\include\semphr.h">
      <Filter>FreeRTOS\include</Filter>
    </ClInclude>
    <ClInclude Include="$(THOR_ROOT)\Thor\lib\FreeRTOS\include\StackMacros.h">
      <Filter>FreeRTOS\include</Filter>
    </ClInclude>
    <ClInclude Include="$(THOR_ROOT)\Thor\lib\FreeRTOS\include\stack_macros.h">
      <Filter>FreeRTOS\include</Filter>
    </ClInclude>
    <ClInclude Include="$(THOR_ROOT)\Thor\lib\FreeRTOS\include\stream_buffer.h">
      <Filter>FreeRTOS\include</Filter>
    </ClInclude>
    <ClInclude Include="$(THOR_ROOT)\Thor\lib\FreeRTOS\include\task.h">
      <Filter>FreeRTOS\include</Filter>
    </ClInclude>
    <ClInclude Include="$(THOR_ROOT)\Thor\lib\FreeRTOS\include\timers.h">
      <Filter>FreeRTOS\include</Filter>
    </ClInclude>
    <ClCompile Include="$(THOR_ROOT)\Thor\lib\FreeRTOS\portable\Common\mpu_wrappers.c">
      <Filter>FreeRTOS\portable\Common</Filter>
    </ClCompile>
    <ClCompile Include="$(THOR_ROOT)\Thor\lib\FreeRTOS\portable\GCC\ARM_CM4F\port.c">
      <Filter>FreeRTOS\portable\GCC\ARM_CM4F</Filter>
    </ClCompile>
    <ClInclude Include="$(THOR_ROOT)\Thor\lib\FreeRTOS\portable\GCC\ARM_CM4F\portmacro.h">
      <Filter>FreeRTOS\portable\GCC\ARM_CM4F</Filter>
    </ClInclude>
    <ClCompile Include="$(THOR_ROOT)\Thor\lib\FreeRTOS\portable\MemMang\heap_4.c">
      <Filter>FreeRTOS\portable\MemMang</Filter>
    </ClCompile>
    <ClCompile Include="..\..\..\..\RF24Mesh.cpp">
      <Filter>RF24Mesh</Filter>
    </ClCompile>
    <ClInclude Include="..\..\..\..\RF24Mesh.hpp">
      <Filter>RF24Mesh</Filter>
    </ClInclude>
    <ClInclude Include="..\..\..\..\RF24MeshDefinitions.hpp">
      <Filter>RF24Mesh</Filter>
    </ClInclude>
    <ClCompile Include="$(GITHUB_ROOT)\RF24Network\RF24Network.cpp">
      <Filter>RF24Network</Filter>
    </ClCompile>
    <ClInclude Include="$(GITHUB_ROOT)\RF24Network\RF24Network.hpp">
      <Filter>RF24Network</Filter>
    </ClInclude>
    <ClInclude Include="$(GITHUB_ROOT)\RF24Network\RF24NetworkDefinitions.hpp">
      <Filter>RF24Network</Filter>
    </ClInclude>
    <None Include="MeshNode-Debug.vgdbsettings">
      <Filter>VisualGDB settings</Filter>
    </None>
    <None Include="MeshNode-Release.vgdbsettings">
      <Filter>VisualGDB settings</Filter>
    </None>
    <None Include="stm32.xml">
      <Filter>VisualGDB settings</Filter>
    </None>
  </ItemGroup>
  <ItemGroup>
    <ClCompile Include="mesh_node.cpp">
      <Filter>Source files</Filter>
    </ClCompile>
  </ItemGroup>
  <ItemGroup>
    <ClInclude Include="mesh_node.hpp">
      <Filter>Source files</Filter>
    </ClInclude>
    <ClInclude Include="..\..\..\..\..\Chimera\Chimera\utilities\circular_buffer.hpp">
      <Filter>Chimera\utilities</Filter>
    </ClInclude>
  </ItemGroup>
</Project>